
Microsoft Visual Studio Solution File, Format Version 12.00
# Visual Studio 15
VisualStudioVersion = 15.0.27130.2027
MinimumVisualStudioVersion = 10.0.40219.1
Project("{8BC9CEB8-8B4A-11D0-8D11-00A0C91BC942}") = "TVSet", "TVSet\TVSet.vcxproj", "{8C7FD4AB-1F48-42BF-844C-59375E2F7B8A}"
	ProjectSection(ProjectDependencies) = postProject
		{2373FD31-F43F-46BD-AB5A-2A52E0F39BF0} = {2373FD31-F43F-46BD-AB5A-2A52E0F39BF0}
	EndProjectSection
EndProject
Project("{8BC9CEB8-8B4A-11D0-8D11-00A0C91BC942}") = "Tests", "Tests\Tests.vcxproj", "{2373FD31-F43F-46BD-AB5A-2A52E0F39BF0}"
EndProject
Global
	GlobalSection(SolutionConfigurationPlatforms) = preSolution
		Debug|x64 = Debug|x64
		Debug|x86 = Debug|x86
		Release|x64 = Release|x64
		Release|x86 = Release|x86
	EndGlobalSection
	GlobalSection(ProjectConfigurationPlatforms) = postSolution
		{8C7FD4AB-1F48-42BF-844C-59375E2F7B8A}.Debug|x64.ActiveCfg = Debug|x64
		{8C7FD4AB-1F48-42BF-844C-59375E2F7B8A}.Debug|x64.Build.0 = Debug|x64
		{8C7FD4AB-1F48-42BF-844C-59375E2F7B8A}.Debug|x86.ActiveCfg = Debug|Win32
		{8C7FD4AB-1F48-42BF-844C-59375E2F7B8A}.Debug|x86.Build.0 = Debug|Win32
		{8C7FD4AB-1F48-42BF-844C-59375E2F7B8A}.Release|x64.ActiveCfg = Release|x64
		{8C7FD4AB-1F48-42BF-844C-59375E2F7B8A}.Release|x64.Build.0 = Release|x64
		{8C7FD4AB-1F48-42BF-844C-59375E2F7B8A}.Release|x86.ActiveCfg = Release|Win32
		{8C7FD4AB-1F48-42BF-844C-59375E2F7B8A}.Release|x86.Build.0 = Release|Win32
		{2373FD31-F43F-46BD-AB5A-2A52E0F39BF0}.Debug|x64.ActiveCfg = Debug|x64
		{2373FD31-F43F-46BD-AB5A-2A52E0F39BF0}.Debug|x64.Build.0 = Debug|x64
		{2373FD31-F43F-46BD-AB5A-2A52E0F39BF0}.Debug|x86.ActiveCfg = Debug|Win32
		{2373FD31-F43F-46BD-AB5A-2A52E0F39BF0}.Debug|x86.Build.0 = Debug|Win32
		{2373FD31-F43F-46BD-AB5A-2A52E0F39BF0}.Release|x64.ActiveCfg = Release|x64
		{2373FD31-F43F-46BD-AB5A-2A52E0F39BF0}.Release|x64.Build.0 = Release|x64
		{2373FD31-F43F-46BD-AB5A-2A52E0F39BF0}.Release|x86.ActiveCfg = Release|Win32
		{2373FD31-F43F-46BD-AB5A-2A52E0F39BF0}.Release|x86.Build.0 = Release|Win32
	EndGlobalSection
	GlobalSection(SolutionProperties) = preSolution
		HideSolutionNode = FALSE
	EndGlobalSection
	GlobalSection(ExtensibilityGlobals) = postSolution
		SolutionGuid = {09CF1F47-821B-4BCC-BC38-EFD0BC5A2097}
	EndGlobalSection
EndGlobal
