
Microsoft Visual Studio Solution File, Format Version 12.00
# Visual Studio 15
VisualStudioVersion = 15.0.27130.2027
MinimumVisualStudioVersion = 10.0.40219.1
Project("{8BC9CEB8-8B4A-11D0-8D11-00A0C91BC942}") = "Lab05", "Lab05\Lab05.vcxproj", "{C8664FC0-0B92-4E84-AD4B-6AB6CA2A2ECD}"
EndProject
Project("{8BC9CEB8-8B4A-11D0-8D11-00A0C91BC942}") = "Lab05_tests", "Lab05_tests\Lab05_tests.vcxproj", "{49D801BE-FCF1-41FE-A573-63ED6681BCB9}"
EndProject
Global
	GlobalSection(SolutionConfigurationPlatforms) = preSolution
		Debug|x64 = Debug|x64
		Debug|x86 = Debug|x86
		Release|x64 = Release|x64
		Release|x86 = Release|x86
	EndGlobalSection
	GlobalSection(ProjectConfigurationPlatforms) = postSolution
		{C8664FC0-0B92-4E84-AD4B-6AB6CA2A2ECD}.Debug|x64.ActiveCfg = Debug|x64
		{C8664FC0-0B92-4E84-AD4B-6AB6CA2A2ECD}.Debug|x64.Build.0 = Debug|x64
		{C8664FC0-0B92-4E84-AD4B-6AB6CA2A2ECD}.Debug|x86.ActiveCfg = Debug|Win32
		{C8664FC0-0B92-4E84-AD4B-6AB6CA2A2ECD}.Debug|x86.Build.0 = Debug|Win32
		{C8664FC0-0B92-4E84-AD4B-6AB6CA2A2ECD}.Release|x64.ActiveCfg = Release|x64
		{C8664FC0-0B92-4E84-AD4B-6AB6CA2A2ECD}.Release|x64.Build.0 = Release|x64
		{C8664FC0-0B92-4E84-AD4B-6AB6CA2A2ECD}.Release|x86.ActiveCfg = Release|Win32
		{C8664FC0-0B92-4E84-AD4B-6AB6CA2A2ECD}.Release|x86.Build.0 = Release|Win32
		{49D801BE-FCF1-41FE-A573-63ED6681BCB9}.Debug|x64.ActiveCfg = Debug|x64
		{49D801BE-FCF1-41FE-A573-63ED6681BCB9}.Debug|x64.Build.0 = Debug|x64
		{49D801BE-FCF1-41FE-A573-63ED6681BCB9}.Debug|x86.ActiveCfg = Debug|Win32
		{49D801BE-FCF1-41FE-A573-63ED6681BCB9}.Debug|x86.Build.0 = Debug|Win32
		{49D801BE-FCF1-41FE-A573-63ED6681BCB9}.Release|x64.ActiveCfg = Release|x64
		{49D801BE-FCF1-41FE-A573-63ED6681BCB9}.Release|x64.Build.0 = Release|x64
		{49D801BE-FCF1-41FE-A573-63ED6681BCB9}.Release|x86.ActiveCfg = Release|Win32
		{49D801BE-FCF1-41FE-A573-63ED6681BCB9}.Release|x86.Build.0 = Release|Win32
	EndGlobalSection
	GlobalSection(SolutionProperties) = preSolution
		HideSolutionNode = FALSE
	EndGlobalSection
	GlobalSection(ExtensibilityGlobals) = postSolution
		SolutionGuid = {D455ADF7-39A5-487B-85A6-191F985C0311}
	EndGlobalSection
EndGlobal
